
Microsoft Visual Studio Solution File, Format Version 12.00
Project("{2150E333-8FDC-42A3-9474-1A3956D46DE8}") = "Services", "Services", "{E5A6D977-9406-4E99-94F8-3635E64DD2D3}"
EndProject
Project("{2150E333-8FDC-42A3-9474-1A3956D46DE8}") = "FileStoring", "FileStoring", "{29FDBE08-5F1B-4601-B1FE-E9E26C53A864}"
EndProject
Project("{2150E333-8FDC-42A3-9474-1A3956D46DE8}") = "FileAnalysis", "FileAnalysis", "{18D3A840-E513-4D44-A299-C77D64A2F966}"
EndProject
Project("{2150E333-8FDC-42A3-9474-1A3956D46DE8}") = "Gateway", "Gateway", "{CF16BCF5-F4B4-4344-90ED-5408024CBCE7}"
EndProject
Project("{FAE04EC0-301F-11D3-BF4B-00C04F79EFBC}") = "FileAnalysis", "FileAnalysis\FileAnalysis.csproj", "{E3844EA9-8A78-40C5-AF31-966D0D8D9DB0}"
EndProject
Project("{FAE04EC0-301F-11D3-BF4B-00C04F79EFBC}") = "FileStoring", "FileStoring\FileStoring.csproj", "{967200F6-F66F-42AE-9742-E62E6BD5E17F}"
EndProject
Project("{FAE04EC0-301F-11D3-BF4B-00C04F79EFBC}") = "Gateway", "Gateway\Gateway.csproj", "{18AD45FE-C4A1-49F5-BAE3-57893E75076A}"
EndProject
Global
	GlobalSection(SolutionConfigurationPlatforms) = preSolution
		Debug|Any CPU = Debug|Any CPU
		Release|Any CPU = Release|Any CPU
	EndGlobalSection
	GlobalSection(ProjectConfigurationPlatforms) = postSolution
		{E3844EA9-8A78-40C5-AF31-966D0D8D9DB0}.Debug|Any CPU.ActiveCfg = Debug|Any CPU
		{E3844EA9-8A78-40C5-AF31-966D0D8D9DB0}.Debug|Any CPU.Build.0 = Debug|Any CPU
		{E3844EA9-8A78-40C5-AF31-966D0D8D9DB0}.Release|Any CPU.ActiveCfg = Release|Any CPU
		{E3844EA9-8A78-40C5-AF31-966D0D8D9DB0}.Release|Any CPU.Build.0 = Release|Any CPU
		{967200F6-F66F-42AE-9742-E62E6BD5E17F}.Debug|Any CPU.ActiveCfg = Debug|Any CPU
		{967200F6-F66F-42AE-9742-E62E6BD5E17F}.Debug|Any CPU.Build.0 = Debug|Any CPU
		{967200F6-F66F-42AE-9742-E62E6BD5E17F}.Release|Any CPU.ActiveCfg = Release|Any CPU
		{967200F6-F66F-42AE-9742-E62E6BD5E17F}.Release|Any CPU.Build.0 = Release|Any CPU
		{18AD45FE-C4A1-49F5-BAE3-57893E75076A}.Debug|Any CPU.ActiveCfg = Debug|Any CPU
		{18AD45FE-C4A1-49F5-BAE3-57893E75076A}.Debug|Any CPU.Build.0 = Debug|Any CPU
		{18AD45FE-C4A1-49F5-BAE3-57893E75076A}.Release|Any CPU.ActiveCfg = Release|Any CPU
		{18AD45FE-C4A1-49F5-BAE3-57893E75076A}.Release|Any CPU.Build.0 = Release|Any CPU
	EndGlobalSection
	GlobalSection(NestedProjects) = preSolution
		{29FDBE08-5F1B-4601-B1FE-E9E26C53A864} = {E5A6D977-9406-4E99-94F8-3635E64DD2D3}
		{18D3A840-E513-4D44-A299-C77D64A2F966} = {E5A6D977-9406-4E99-94F8-3635E64DD2D3}
		{CF16BCF5-F4B4-4344-90ED-5408024CBCE7} = {E5A6D977-9406-4E99-94F8-3635E64DD2D3}
		{E3844EA9-8A78-40C5-AF31-966D0D8D9DB0} = {18D3A840-E513-4D44-A299-C77D64A2F966}
		{967200F6-F66F-42AE-9742-E62E6BD5E17F} = {29FDBE08-5F1B-4601-B1FE-E9E26C53A864}
		{18AD45FE-C4A1-49F5-BAE3-57893E75076A} = {CF16BCF5-F4B4-4344-90ED-5408024CBCE7}
	EndGlobalSection
EndGlobal
